
Microsoft Visual Studio Solution File, Format Version 12.00
# Visual Studio 15
VisualStudioVersion = 15.0.28307.705
MinimumVisualStudioVersion = 10.0.40219.1
Project("{FAE04EC0-301F-11D3-BF4B-00C04F79EFBC}") = "MmmBankDb", "MmmBankDb\MmmBankDb.csproj", "{3AFEB2E6-7548-48EF-9CE5-DA8FB9053499}"
EndProject
Project("{FAE04EC0-301F-11D3-BF4B-00C04F79EFBC}") = "MmmBank", "MmmBank\MmmBank.csproj", "{38FF0A67-CADA-444C-A066-175C41EC53F0}"
EndProject
Global
	GlobalSection(SolutionConfigurationPlatforms) = preSolution
		Debug|Any CPU = Debug|Any CPU
		Release|Any CPU = Release|Any CPU
	EndGlobalSection
	GlobalSection(ProjectConfigurationPlatforms) = postSolution
		{3AFEB2E6-7548-48EF-9CE5-DA8FB9053499}.Debug|Any CPU.ActiveCfg = Debug|Any CPU
		{3AFEB2E6-7548-48EF-9CE5-DA8FB9053499}.Debug|Any CPU.Build.0 = Debug|Any CPU
		{3AFEB2E6-7548-48EF-9CE5-DA8FB9053499}.Release|Any CPU.ActiveCfg = Release|Any CPU
		{3AFEB2E6-7548-48EF-9CE5-DA8FB9053499}.Release|Any CPU.Build.0 = Release|Any CPU
		{38FF0A67-CADA-444C-A066-175C41EC53F0}.Debug|Any CPU.ActiveCfg = Debug|Any CPU
		{38FF0A67-CADA-444C-A066-175C41EC53F0}.Debug|Any CPU.Build.0 = Debug|Any CPU
		{38FF0A67-CADA-444C-A066-175C41EC53F0}.Release|Any CPU.ActiveCfg = Release|Any CPU
		{38FF0A67-CADA-444C-A066-175C41EC53F0}.Release|Any CPU.Build.0 = Release|Any CPU
	EndGlobalSection
	GlobalSection(SolutionProperties) = preSolution
		HideSolutionNode = FALSE
	EndGlobalSection
	GlobalSection(ExtensibilityGlobals) = postSolution
		SolutionGuid = {822A3509-86C6-4EE9-B9C6-248882AC8456}
	EndGlobalSection
EndGlobal
